{
  "projects": [
    {
      "projectId": "YUiM7yqBWAqsh8KSnrdj7",
      "version": "0.29.0",
      "dependencies": {},
      "lang": "ts",
      "fileLocks": [
        {
          "assetId": "YUiM7yqBWAqsh8KSnrdj7",
          "type": "projectCss",
          "checksum": "dac72600b04b6e6a3014e82512a15fe1"
        }
      ],
      "codegenVersion": "0.0.1"
    },
    {
      "projectId": "5dGW8Awro3qq8Hh5MveXLP",
      "version": "1.24.0",
      "dependencies": {},
      "lang": "ts",
      "fileLocks": [
        {
          "assetId": "5dGW8Awro3qq8Hh5MveXLP",
          "type": "projectCss",
          "checksum": "208e7308eefeffa5d03c833e22ab6f90"
        }
      ],
      "codegenVersion": "0.0.1"
    },
    {
      "projectId": "szjgMQpPpxhmkjnaBvZQJG",
      "version": "2.25.0",
      "dependencies": {},
      "lang": "ts",
      "fileLocks": [
        {
          "assetId": "szjgMQpPpxhmkjnaBvZQJG",
          "type": "projectCss",
          "checksum": "29b90e78e5c36e5dc978e0c572d9fc75"
        }
      ],
      "codegenVersion": "0.0.1"
    },
    {
      "projectId": "r3ASNrnyvLLLAtDvzUioQ",
      "version": "4.5.1",
      "dependencies": {},
      "lang": "ts",
      "fileLocks": [
        {
          "assetId": "r3ASNrnyvLLLAtDvzUioQ",
          "type": "projectCss",
          "checksum": "e1ec850476829c38b0f9b6d4f7ac446a"
        }
      ],
      "codegenVersion": "0.0.1"
    },
    {
      "projectId": "7nJ7UcFmq9UzB6eXfC5z4a",
      "version": "0.28.0",
      "dependencies": {},
      "lang": "ts",
      "fileLocks": [
        {
          "assetId": "7nJ7UcFmq9UzB6eXfC5z4a",
          "type": "projectCss",
          "checksum": "05587b57f22f0ec8bb54543deb39762e"
        }
      ],
      "codegenVersion": "0.0.1"
    },
    {
      "projectId": "miaW1xp1scEQBREQYHRbaL",
      "version": "0.3.0",
      "dependencies": {},
      "lang": "ts",
      "fileLocks": [
        {
          "assetId": "miaW1xp1scEQBREQYHRbaL",
          "type": "projectCss",
          "checksum": "e1ec850476829c38b0f9b6d4f7ac446a"
        }
      ],
      "codegenVersion": "0.0.1"
    },
    {
      "projectId": "hjKYmYi6HMwK6TRyk7ew5R",
      "version": "6.39.0",
      "dependencies": {},
      "lang": "ts",
      "fileLocks": [
        {
          "assetId": "hjKYmYi6HMwK6TRyk7ew5R",
          "type": "projectCss",
          "checksum": "e76cee85e96cb3fff580d5552a47cfe4"
        },
        {
          "assetId": "hjKYmYi6HMwK6TRyk7ew5R",
          "checksum": "ce1c1c4c2068f2505d175a1b6e17d26a",
          "type": "globalContexts"
        }
      ],
      "codegenVersion": "0.0.1"
    },
    {
      "projectId": "caTPwKxj5ZrD9LQ7DMdK4Z",
      "version": "3.37.0",
      "dependencies": {},
      "lang": "ts",
      "fileLocks": [
        {
          "assetId": "caTPwKxj5ZrD9LQ7DMdK4Z",
          "type": "projectCss",
          "checksum": "e1ec850476829c38b0f9b6d4f7ac446a"
        }
      ],
      "codegenVersion": "0.0.1"
    },
    {
      "projectId": "jkU633o1Cz7HrJdwdxhVHk",
      "version": "16.10.0",
      "dependencies": {},
      "lang": "ts",
      "fileLocks": [
        {
          "assetId": "jkU633o1Cz7HrJdwdxhVHk",
          "type": "projectCss",
          "checksum": "0581d4378bb1604bb5fe3f65bb0a37de"
        }
      ],
      "codegenVersion": "0.0.1"
    },
    {
      "projectId": "ohDidvG9XsCeFumugENU3J",
      "version": "6.25.0",
      "dependencies": {},
      "lang": "ts",
      "fileLocks": [
        {
          "assetId": "ohDidvG9XsCeFumugENU3J",
          "type": "projectCss",
          "checksum": "fd83b730367fdbde2c69bc6cf31c2a3c"
        },
        {
          "assetId": "ohDidvG9XsCeFumugENU3J",
          "checksum": "de0a0e65174a6a185a8f822af51c6bdd",
          "type": "globalContexts"
        }
      ],
      "codegenVersion": "0.0.1"
    },
    {
      "projectId": "8PtdGodUbexNYgkuyBUcWu",
      "version": "3.24.0",
      "dependencies": {},
      "lang": "ts",
      "fileLocks": [
        {
          "assetId": "8PtdGodUbexNYgkuyBUcWu",
          "type": "projectCss",
          "checksum": "078b5be9aa4a8ea2a39b36c771c25aaa"
        },
        {
          "assetId": "8PtdGodUbexNYgkuyBUcWu",
          "checksum": "34a063f27f0b27a7d1d344bc6b5252c5",
          "type": "globalContexts"
        }
      ],
      "codegenVersion": "0.0.1"
    },
    {
      "projectId": "xfguyo8p9zs8FxMdioQAoN",
      "version": "0.31.0",
      "dependencies": {},
      "lang": "ts",
      "fileLocks": [
        {
          "assetId": "xfguyo8p9zs8FxMdioQAoN",
          "type": "projectCss",
          "checksum": "1677c7b52f97b92e7b2e7d105b7c98ef"
        },
        {
          "assetId": "xfguyo8p9zs8FxMdioQAoN",
          "checksum": "8d7960e265a25901c2f134a5ca161aff",
          "type": "globalContexts"
        }
      ],
      "codegenVersion": "0.0.1"
    },
    {
      "projectId": "5wfiQsykEjzgVqMWi3s1vV",
      "version": "latest",
      "dependencies": {
        "xfguyo8p9zs8FxMdioQAoN": "0.31.0",
        "8PtdGodUbexNYgkuyBUcWu": "3.24.0",
        "ohDidvG9XsCeFumugENU3J": "6.25.0",
        "jkU633o1Cz7HrJdwdxhVHk": "16.10.0",
        "caTPwKxj5ZrD9LQ7DMdK4Z": "3.37.0",
        "hjKYmYi6HMwK6TRyk7ew5R": "6.39.0",
        "miaW1xp1scEQBREQYHRbaL": "0.3.0",
        "7nJ7UcFmq9UzB6eXfC5z4a": "0.28.0",
        "r3ASNrnyvLLLAtDvzUioQ": "4.5.1",
        "szjgMQpPpxhmkjnaBvZQJG": "2.25.0",
        "5dGW8Awro3qq8Hh5MveXLP": "1.24.0",
        "YUiM7yqBWAqsh8KSnrdj7": "0.29.0"
      },
      "lang": "ts",
      "fileLocks": [
        {
          "type": "globalVariant",
          "assetId": "o1EZtZVIId2i",
          "checksum": "7e6471a2eecff6e130b118938842fbba"
        },
        {
          "assetId": "5wfiQsykEjzgVqMWi3s1vV",
          "type": "projectCss",
          "checksum": "6bb580dbd26c5eed39e8b098a449d516"
        },
        {
          "assetId": "5wfiQsykEjzgVqMWi3s1vV",
          "checksum": "98f4118f02be18bff027e26b04be7e0a",
          "type": "globalContexts"
        },
        {
          "type": "renderModule",
          "assetId": "ApftX6wm6h7V",
          "checksum": "ce4a984d7d7277623d097153bcd280d7"
        },
        {
          "type": "cssRules",
          "assetId": "ApftX6wm6h7V",
          "checksum": "ce4a984d7d7277623d097153bcd280d7"
        },
        {
          "type": "renderModule",
          "assetId": "qtbP2w6tp1bb",
          "checksum": "ade98c0b85d975203d2f1f17f55ce4e9"
        },
        {
          "type": "cssRules",
          "assetId": "qtbP2w6tp1bb",
          "checksum": "ade98c0b85d975203d2f1f17f55ce4e9"
        },
        {
          "type": "renderModule",
          "assetId": "XkuaKd-CXmfR",
          "checksum": "057d20dfe8c54b188e280ded86e1cf82"
        },
        {
          "type": "cssRules",
          "assetId": "XkuaKd-CXmfR",
          "checksum": "057d20dfe8c54b188e280ded86e1cf82"
        },
        {
          "type": "renderModule",
          "assetId": "-tTP5MJW1VYL",
          "checksum": "938c238f77dcaa7d1dc73180d4ce2b54"
        },
        {
          "type": "cssRules",
          "assetId": "-tTP5MJW1VYL",
          "checksum": "938c238f77dcaa7d1dc73180d4ce2b54"
        },
        {
          "type": "renderModule",
          "assetId": "D2sOyZuiRvbV",
          "checksum": "90aef145e9762af5a1458da1f81b2918"
        },
        {
          "type": "cssRules",
          "assetId": "D2sOyZuiRvbV",
          "checksum": "90aef145e9762af5a1458da1f81b2918"
        },
        {
          "type": "renderModule",
          "assetId": "khOa4cZWYlxP",
          "checksum": "05818c887d349292a232974acf73409a"
        },
        {
          "type": "cssRules",
          "assetId": "khOa4cZWYlxP",
          "checksum": "05818c887d349292a232974acf73409a"
        },
        {
          "type": "renderModule",
          "assetId": "RtgvLhuhey-r",
          "checksum": "3c0760307629d0d01d2cc910612e476a"
        },
        {
          "type": "cssRules",
          "assetId": "RtgvLhuhey-r",
          "checksum": "3c0760307629d0d01d2cc910612e476a"
        },
        {
          "type": "renderModule",
          "assetId": "1G9ANLzrn_qC",
          "checksum": "353c542970698a4da6af455c343a1889"
        },
        {
          "type": "cssRules",
          "assetId": "1G9ANLzrn_qC",
          "checksum": "353c542970698a4da6af455c343a1889"
        },
        {
          "type": "renderModule",
          "assetId": "Yc2jrP4M5Icc",
          "checksum": "51c1be8d542a2e41213117ba13fa9d58"
        },
        {
          "type": "cssRules",
          "assetId": "Yc2jrP4M5Icc",
          "checksum": "51c1be8d542a2e41213117ba13fa9d58"
        },
        {
          "type": "renderModule",
          "assetId": "C2sDdrvEHTJQ",
          "checksum": "e103a593b03b20e354a8198ebda2be2b"
        },
        {
          "type": "cssRules",
          "assetId": "C2sDdrvEHTJQ",
          "checksum": "e103a593b03b20e354a8198ebda2be2b"
        },
        {
          "type": "renderModule",
          "assetId": "M5wgRRxb8Cye",
          "checksum": "ece9ed36652d89e6e85840088d97dd3a"
        },
        {
          "type": "cssRules",
          "assetId": "M5wgRRxb8Cye",
          "checksum": "ece9ed36652d89e6e85840088d97dd3a"
        },
        {
          "type": "renderModule",
          "assetId": "4ejJZ_ZIRBhL",
          "checksum": "61cb66a1b81bc166fb682fd6e920af32"
        },
        {
          "type": "cssRules",
          "assetId": "4ejJZ_ZIRBhL",
          "checksum": "61cb66a1b81bc166fb682fd6e920af32"
        },
        {
          "type": "renderModule",
          "assetId": "c1IgRoFQrCHU",
          "checksum": "5b9e34c9309f48640cfd266d160a24f2"
        },
        {
          "type": "cssRules",
          "assetId": "c1IgRoFQrCHU",
          "checksum": "5b9e34c9309f48640cfd266d160a24f2"
        },
        {
          "type": "renderModule",
          "assetId": "JowX5ipTK78d",
          "checksum": "5b9894fe8a87cabe161e95f8247a9917"
        },
        {
          "type": "cssRules",
          "assetId": "JowX5ipTK78d",
          "checksum": "5b9894fe8a87cabe161e95f8247a9917"
        },
        {
          "type": "renderModule",
          "assetId": "5Y20vviCdvey",
          "checksum": "18b1c3c23cd917a33abf619a6f9bec10"
        },
        {
          "type": "cssRules",
          "assetId": "5Y20vviCdvey",
          "checksum": "18b1c3c23cd917a33abf619a6f9bec10"
        },
        {
          "type": "renderModule",
          "assetId": "8rUFHb27Z1q3",
          "checksum": "611b6b1f35c0b29b74b594da167d730b"
        },
        {
          "type": "cssRules",
          "assetId": "8rUFHb27Z1q3",
          "checksum": "611b6b1f35c0b29b74b594da167d730b"
        },
        {
          "type": "renderModule",
          "assetId": "sh8bP5PzV6yl",
          "checksum": "3977dc37dd83e4dceb31ebe91a9f3c63"
        },
        {
          "type": "cssRules",
          "assetId": "sh8bP5PzV6yl",
          "checksum": "3977dc37dd83e4dceb31ebe91a9f3c63"
        },
        {
          "type": "renderModule",
          "assetId": "ap0zrG-_Q0mJ",
          "checksum": "e62ad42832c25dc1af027a0b36c2ae2f"
        },
        {
          "type": "cssRules",
          "assetId": "ap0zrG-_Q0mJ",
          "checksum": "e62ad42832c25dc1af027a0b36c2ae2f"
        },
        {
          "type": "renderModule",
          "assetId": "0-8LFTczpILE",
          "checksum": "51c2665a91794cab506383ab4331e525"
        },
        {
          "type": "cssRules",
          "assetId": "0-8LFTczpILE",
          "checksum": "51c2665a91794cab506383ab4331e525"
        },
        {
          "type": "renderModule",
          "assetId": "t1zwEBiQRGJa",
          "checksum": "1e1d893ffe926ef8242dbe2375d782da"
        },
        {
          "type": "cssRules",
          "assetId": "t1zwEBiQRGJa",
          "checksum": "1e1d893ffe926ef8242dbe2375d782da"
        },
        {
          "type": "renderModule",
          "assetId": "T9jFdir3XPgD",
          "checksum": "c8bd60d121377432e26de8205d2d666b"
        },
        {
          "type": "cssRules",
          "assetId": "T9jFdir3XPgD",
          "checksum": "c8bd60d121377432e26de8205d2d666b"
        },
        {
          "type": "renderModule",
          "assetId": "fZ5ZaT7xpvqQ",
          "checksum": "5537600a80ad782424e220749757c226"
        },
        {
          "type": "cssRules",
          "assetId": "fZ5ZaT7xpvqQ",
          "checksum": "5537600a80ad782424e220749757c226"
        },
        {
          "type": "renderModule",
          "assetId": "uIZNXmHJmUlG",
          "checksum": "9484a9cf0c048dcd0eed76fdaa242b8d"
        },
        {
          "type": "cssRules",
          "assetId": "uIZNXmHJmUlG",
          "checksum": "9484a9cf0c048dcd0eed76fdaa242b8d"
        },
        {
          "type": "renderModule",
          "assetId": "rS0ofEnEGpJv",
          "checksum": "f47cc2946f9f525a24eabab9a8e015db"
        },
        {
          "type": "cssRules",
          "assetId": "rS0ofEnEGpJv",
          "checksum": "f47cc2946f9f525a24eabab9a8e015db"
        },
        {
          "type": "renderModule",
          "assetId": "3ay2Lj1jEYFZ",
          "checksum": "7fb0c91d42becdad08263e14db912f0d"
        },
        {
          "type": "cssRules",
          "assetId": "3ay2Lj1jEYFZ",
          "checksum": "7fb0c91d42becdad08263e14db912f0d"
        },
        {
          "type": "renderModule",
          "assetId": "MWBX6KWosnsB",
          "checksum": "d843ea7bbda9f67336e4c48d3e4976cb"
        },
        {
          "type": "cssRules",
          "assetId": "MWBX6KWosnsB",
          "checksum": "d843ea7bbda9f67336e4c48d3e4976cb"
        },
        {
          "type": "renderModule",
          "assetId": "nrOU8hQO8wWv",
          "checksum": "a0ec29c42edd9fef0929c9fce6a4511f"
        },
        {
          "type": "cssRules",
          "assetId": "nrOU8hQO8wWv",
          "checksum": "a0ec29c42edd9fef0929c9fce6a4511f"
        },
        {
          "type": "renderModule",
          "assetId": "wf5AIWq7ggDx",
          "checksum": "e02ddc68ac51b7bcb4f0a5e3d6f2d185"
        },
        {
          "type": "cssRules",
          "assetId": "wf5AIWq7ggDx",
          "checksum": "e02ddc68ac51b7bcb4f0a5e3d6f2d185"
        },
        {
          "type": "renderModule",
          "assetId": "t2lTgwsfEcjo",
          "checksum": "5ce0702fd635b8d6773bed65650c70eb"
        },
        {
          "type": "cssRules",
          "assetId": "t2lTgwsfEcjo",
          "checksum": "5ce0702fd635b8d6773bed65650c70eb"
        },
        {
          "type": "renderModule",
          "assetId": "9iXlWDi6dlRr",
          "checksum": "54422ffde2548f65ac8ac43344989a06"
        },
        {
          "type": "cssRules",
          "assetId": "9iXlWDi6dlRr",
          "checksum": "54422ffde2548f65ac8ac43344989a06"
        },
        {
          "type": "renderModule",
          "assetId": "hp5PifVBePqo",
          "checksum": "41017ab3a76ed735768c5a7560d36102"
        },
        {
          "type": "cssRules",
          "assetId": "hp5PifVBePqo",
          "checksum": "41017ab3a76ed735768c5a7560d36102"
        },
        {
          "type": "renderModule",
          "assetId": "7CIJLiueCA_x",
          "checksum": "7a0bcdfc3b2d1e999bc38ff72bad735b"
        },
        {
          "type": "cssRules",
          "assetId": "7CIJLiueCA_x",
          "checksum": "7a0bcdfc3b2d1e999bc38ff72bad735b"
        },
        {
          "type": "renderModule",
          "assetId": "GVOdIUmBysIi",
          "checksum": "373309c522a5a7fe8966851c893d009f"
        },
        {
          "type": "cssRules",
          "assetId": "GVOdIUmBysIi",
          "checksum": "373309c522a5a7fe8966851c893d009f"
        },
        {
          "type": "renderModule",
          "assetId": "e6aLe1etcU9D",
          "checksum": "1aa096de23502cd90efeac954ef1d321"
        },
        {
          "type": "cssRules",
          "assetId": "e6aLe1etcU9D",
          "checksum": "1aa096de23502cd90efeac954ef1d321"
        },
        {
          "type": "renderModule",
          "assetId": "ns7e2JtRWr4o",
          "checksum": "18f2ba13281031cf0afe0bc80afedc0a"
        },
        {
          "type": "cssRules",
          "assetId": "ns7e2JtRWr4o",
          "checksum": "18f2ba13281031cf0afe0bc80afedc0a"
        },
        {
          "type": "renderModule",
          "assetId": "HPb0Wvva0sZE",
          "checksum": "b143c1a1c96ea9ee8a8149fd1207a486"
        },
        {
          "type": "cssRules",
          "assetId": "HPb0Wvva0sZE",
          "checksum": "b143c1a1c96ea9ee8a8149fd1207a486"
        },
        {
          "type": "renderModule",
          "assetId": "ht9ZItoIyBG9",
          "checksum": "7eb0984c4dbe33523a23ad4d389915d2"
        },
        {
          "type": "cssRules",
          "assetId": "ht9ZItoIyBG9",
          "checksum": "7eb0984c4dbe33523a23ad4d389915d2"
        },
        {
          "type": "renderModule",
          "assetId": "OL6XpRfJT26M",
          "checksum": "92d8daa87110a9cefcb714d4c79e350a"
        },
        {
          "type": "cssRules",
          "assetId": "OL6XpRfJT26M",
          "checksum": "92d8daa87110a9cefcb714d4c79e350a"
        },
        {
          "type": "renderModule",
          "assetId": "HdkALw68T2KE",
          "checksum": "82b7608e31958587ec094ab665cacd86"
        },
        {
          "type": "cssRules",
          "assetId": "HdkALw68T2KE",
          "checksum": "82b7608e31958587ec094ab665cacd86"
        },
        {
          "type": "renderModule",
          "assetId": "_nuvfP34SNfa",
          "checksum": "67b99d7fa8e80c75e46263f280bfdaf7"
        },
        {
          "type": "cssRules",
          "assetId": "_nuvfP34SNfa",
          "checksum": "67b99d7fa8e80c75e46263f280bfdaf7"
        },
        {
          "type": "renderModule",
          "assetId": "PpwuOcX4S-rM",
          "checksum": "ba810fa0dcdc820c22387d3105b68e95"
        },
        {
          "type": "cssRules",
          "assetId": "PpwuOcX4S-rM",
          "checksum": "ba810fa0dcdc820c22387d3105b68e95"
        },
        {
          "type": "renderModule",
          "assetId": "riyqRyTHfBty",
          "checksum": "a5504538b5cb6270d6579d2520be9573"
        },
        {
          "type": "cssRules",
          "assetId": "riyqRyTHfBty",
          "checksum": "a5504538b5cb6270d6579d2520be9573"
        },
        {
          "type": "renderModule",
          "assetId": "e2hVmZOgdNrW",
          "checksum": "7dcfa50fdfca5378dac915513a36cceb"
        },
        {
          "type": "cssRules",
          "assetId": "e2hVmZOgdNrW",
          "checksum": "7dcfa50fdfca5378dac915513a36cceb"
        },
        {
          "type": "renderModule",
          "assetId": "Zg6uQ_-WnapZ",
          "checksum": "a545abfa5870cc88eb9a38ea14ce437a"
        },
        {
          "type": "cssRules",
          "assetId": "Zg6uQ_-WnapZ",
          "checksum": "a545abfa5870cc88eb9a38ea14ce437a"
        },
        {
          "type": "renderModule",
          "assetId": "PYEp7wrN6Rzc",
          "checksum": "f03c376c6c71b836190d53021e4afcff"
        },
        {
          "type": "cssRules",
          "assetId": "PYEp7wrN6Rzc",
          "checksum": "f03c376c6c71b836190d53021e4afcff"
        },
        {
          "type": "renderModule",
          "assetId": "vXh5P781hzqk",
          "checksum": "37eb7e1acd59941a1779ae3d139343a2"
        },
        {
          "type": "cssRules",
          "assetId": "vXh5P781hzqk",
          "checksum": "37eb7e1acd59941a1779ae3d139343a2"
        },
        {
          "type": "renderModule",
          "assetId": "WOgCfgFXVur9",
          "checksum": "535eee552e5b4cb857126bda66e2950d"
        },
        {
          "type": "cssRules",
          "assetId": "WOgCfgFXVur9",
          "checksum": "535eee552e5b4cb857126bda66e2950d"
        },
        {
          "type": "renderModule",
          "assetId": "smAypegC21LU",
          "checksum": "897124bd7643aa83c856a1708040537b"
        },
        {
          "type": "cssRules",
          "assetId": "smAypegC21LU",
          "checksum": "897124bd7643aa83c856a1708040537b"
        },
        {
          "type": "renderModule",
          "assetId": "bV8qqFNkLwuS",
          "checksum": "f7573e7a4f0de8ec67c2ee7a4aeecad4"
        },
        {
          "type": "cssRules",
          "assetId": "bV8qqFNkLwuS",
          "checksum": "f7573e7a4f0de8ec67c2ee7a4aeecad4"
        },
        {
          "type": "renderModule",
          "assetId": "aUWCCg-oXYKG",
          "checksum": "a9b7e81bbfcd597cf4d773c99aed4376"
        },
        {
          "type": "cssRules",
          "assetId": "aUWCCg-oXYKG",
          "checksum": "a9b7e81bbfcd597cf4d773c99aed4376"
        },
        {
          "type": "renderModule",
          "assetId": "DeGxnGQ0kj_t",
          "checksum": "516a9cf9529d8a4542ed8793bd518b56"
        },
        {
          "type": "cssRules",
          "assetId": "DeGxnGQ0kj_t",
          "checksum": "516a9cf9529d8a4542ed8793bd518b56"
        },
        {
          "type": "renderModule",
          "assetId": "1ZOh0Qg-G1w2",
          "checksum": "4abc2b7e53efe18720c38b1565e2c1b5"
        },
        {
          "type": "cssRules",
          "assetId": "1ZOh0Qg-G1w2",
          "checksum": "4abc2b7e53efe18720c38b1565e2c1b5"
        },
        {
          "type": "icon",
          "assetId": "_UKIBr5wIv5u",
          "checksum": "20f656f8c3149d91ab594babef5aeeca"
        },
        {
          "type": "icon",
          "assetId": "hInhmL-M6Hjo",
          "checksum": "78d90ac4713c55a5702f4e43770db2a1"
        },
        {
          "type": "icon",
          "assetId": "lvJibiXpWecx",
          "checksum": "2564085493201f31fbf4149628c53bbc"
        },
        {
          "type": "icon",
          "assetId": "l3I-VQ86JWda",
          "checksum": "ad939530844a03ff62aa521bc81f7d02"
        },
        {
          "type": "icon",
          "assetId": "_Oz7v7xUKva5",
          "checksum": "d6a47ebc0436237fccee8c2dcd36dba1"
        },
        {
          "type": "icon",
          "assetId": "h32D8_8g4fYu",
          "checksum": "7d6585edc171d3299aeecb42423b1751"
        },
        {
          "type": "icon",
          "assetId": "UuHq5AX-bZJQ",
          "checksum": "de31ec82004c82f192468bc8a5d35cd0"
        },
        {
          "type": "icon",
          "assetId": "vLntLNlQnc4l",
          "checksum": "a6aa39c612151d58632ac2fae41facd9"
        },
        {
          "type": "icon",
          "assetId": "4y55_BtEdVhT",
          "checksum": "ab1cd516185d4c7070dd27e97ffd433a"
        },
        {
          "type": "icon",
          "assetId": "rEr7B7OhH2JA",
          "checksum": "0daf1a73210ff1f46e8ea76829065255"
        },
        {
          "type": "icon",
          "assetId": "N00yU4e0Oc5n",
          "checksum": "1595afb32c69171c91e722a81b0ccdd3"
        },
        {
          "type": "icon",
          "assetId": "eB-BwmlMP85i",
          "checksum": "10a8f0e4adca65772c6112e0c0f318c8"
        },
        {
          "type": "icon",
          "assetId": "_3Lij41kf8lg",
          "checksum": "e563fd593943baee0f51c3b7c2b805c0"
        },
        {
          "type": "icon",
          "assetId": "_1cnhmkphG-G",
          "checksum": "4b224e862579befb357615cd5d56d5a6"
        },
        {
          "type": "icon",
          "assetId": "H6fXjY_Otopp",
          "checksum": "e5e83150c59194273d4a69813796fed2"
        },
        {
          "type": "image",
          "assetId": "-hWI0eFBPz3X",
          "checksum": "e13825b742516871705a737071a28ed2"
        },
        {
          "type": "image",
          "assetId": "v35QjP11yJb7",
          "checksum": "d613d3e67b0c820cd38a55b072f2ccff"
        },
        {
          "type": "image",
          "assetId": "vsX-4Gnc9biJ",
          "checksum": "431011bc60928cde2f51bd5c11dd2fe9"
        },
        {
          "type": "image",
          "assetId": "gw1mer-JKUAn",
          "checksum": "3995e717aecfab7694580b7145c00393"
        },
        {
          "type": "image",
          "assetId": "I1KxEAAIUzrR",
          "checksum": "122d64e96c81b4664c50a9364cdd32a9"
        },
        {
          "type": "image",
          "assetId": "KJBE54NlkitN",
          "checksum": "eecace3a7c9e643a80adfb74a7cac56e"
        },
        {
          "type": "image",
          "assetId": "I7relZCz-Lwb",
          "checksum": "95aa285846b000e6d469a38232717fda"
        },
        {
          "type": "image",
          "assetId": "PnSSFQ3UgJK3",
          "checksum": "3447366d7aa53bacec3449efc91074a5"
        },
        {
          "type": "image",
          "assetId": "k7oafX09-q6q",
          "checksum": "b97d358f5059b8cbc77a0693821b043b"
        },
        {
          "type": "image",
          "assetId": "ICvqo1cCgCm6",
          "checksum": "54c2189859e99a05c1283d0fa6440ada"
        },
        {
          "type": "image",
          "assetId": "yTEIYbNmSKGK",
          "checksum": "db02899e5706246cb7a6a7cefa638ce2"
        },
        {
          "type": "image",
          "assetId": "dcNht-TuDDiq",
          "checksum": "7edcc3ea744cf409aac0d3723f541002"
        },
        {
          "type": "image",
          "assetId": "LN6rnKUBQ-EM",
          "checksum": "6588f6f8f3bf5323e82a17949f7e5fba"
        },
        {
          "type": "image",
          "assetId": "7wt9s6FW3qH0",
          "checksum": "3f1e75a4f40169647668aea6365940aa"
        },
        {
          "type": "image",
          "assetId": "loK3KQe21BVg",
          "checksum": "4ca52165020c71a43d9e4be84e4a02ee"
        },
        {
          "type": "image",
          "assetId": "12TfLXPM3meV",
          "checksum": "2c6114fcd4c360a2d3f6f1bf9a6295c4"
        },
        {
          "type": "image",
          "assetId": "necRN6ZwcN-u",
          "checksum": "0c48ffc30083c8e345ff1e35e26a0511"
        },
        {
          "type": "image",
          "assetId": "E2UwpwrXewbM",
          "checksum": "e2e98809864539bc67aeaa737893b54d"
        },
        {
          "type": "image",
          "assetId": "dO_I8Grr4AtQ",
          "checksum": "cafcfa7f77cb54884ec525b1773e77d7"
        },
        {
          "type": "image",
          "assetId": "Hdj2MJtb2JQJ",
          "checksum": "eff3d65f7421d7821873036e265fbd06"
        },
        {
          "type": "image",
          "assetId": "bzfsVCm-AXGt",
          "checksum": "b781fc46ea102fd921e449e5d6ab676d"
        },
        {
          "type": "image",
          "assetId": "UlI5tqaq1PHy",
          "checksum": "fa0eb4cc130c460557b2a55347a55da9"
        },
        {
          "type": "image",
          "assetId": "2jfPAE1cbOio",
          "checksum": "6994f698e47d618f5ab3e28ec987b72a"
        },
        {
          "type": "image",
          "assetId": "jG-TZlRZZGZd",
          "checksum": "ce547b60f76554cacd9ab0392447f861"
        },
        {
          "type": "image",
          "assetId": "s5jnd8E1EE2K",
          "checksum": "778db4ef9652da3d8ed5fdc9a6ec42b1"
        },
        {
          "type": "image",
          "assetId": "b7-7B0tthly_",
          "checksum": "ac5c4b138a08414eeee2db85ca92bcdb"
        },
        {
          "type": "image",
          "assetId": "3iMoZlfRdS1S",
          "checksum": "3e6d179c9e8780362abfe98621ea3e87"
        },
        {
          "type": "image",
          "assetId": "QLFU53yoZlxO",
          "checksum": "b74b479ee12d7eb3121777be53e051e3"
        },
        {
          "type": "image",
          "assetId": "sVMI50BDS38r",
          "checksum": "83d953de4876b72bdeb0404f9798c2d7"
        },
        {
          "type": "image",
          "assetId": "UVH7X62s0FDb",
          "checksum": "f8ca6184aecb88665f3fde3792d19d4c"
        },
        {
          "type": "image",
          "assetId": "VfKpqwaE2xXg",
          "checksum": "40389a33befb0d8650f82c7ab9bbf243"
        },
        {
          "type": "image",
          "assetId": "63mO4DWI5NBE",
          "checksum": "3c886d074a03af57b42480fd2b341cf9"
        },
        {
          "type": "image",
          "assetId": "cOjGOaGLUsoh",
          "checksum": "bf22b981588cbda768968df13dd02bf5"
        },
        {
          "type": "image",
          "assetId": "iMCAf5tcyRSU",
          "checksum": "7cb1add4b8f9c910af724feb4ed8a133"
        },
        {
          "type": "image",
          "assetId": "7gc_vigvLAhk",
          "checksum": "e36a68fb1f58c3cfa87a8b34c0ce6ec4"
        },
        {
          "type": "image",
          "assetId": "W0kXwCfgaJQi",
          "checksum": "f3d05269a70d26688208c223cdf456b2"
        },
        {
          "type": "image",
          "assetId": "50Re7aviw7nu",
          "checksum": "9f9777917a77be99d131cbfc8a2f91a2"
        },
        {
          "type": "image",
          "assetId": "EoIT6ww5ycGv",
          "checksum": "7c35b72fec1391f293a45779af26781b"
        },
        {
          "type": "image",
          "assetId": "tPM2G-3AzAwF",
          "checksum": "646ef7f5e7fd7e3cc9626e451dc3915d"
        },
        {
          "type": "image",
          "assetId": "D8EAI6btZLC1",
          "checksum": "8c644aef5a1396eaad00a381bff4fa49"
        },
        {
          "type": "image",
          "assetId": "Uqav0TcHVOBb",
          "checksum": "50b22c760a5044629e67e443aa6678cc"
        },
        {
          "type": "image",
          "assetId": "4uAsarBy-fVu",
          "checksum": "bde4e534096819beba42496d86fb25bf"
        },
        {
          "type": "image",
          "assetId": "v-BC7M8xXuXu",
          "checksum": "886320e0030770c8cb6987a4dead2b31"
        },
        {
          "type": "image",
          "assetId": "bqUbI6Iga-eM",
          "checksum": "2dd36a9cb599c3c1afb499ab3f7c3b1f"
        },
        {
          "type": "image",
          "assetId": "x8VSR3Y3QjmB",
          "checksum": "3b4b89560f59de3bfde2066b7f55bb49"
        },
        {
          "type": "image",
          "assetId": "bs8GuhnPYFRI",
          "checksum": "0d72841ba4ab18e65319f767e7757aaa"
        },
        {
          "type": "image",
          "assetId": "5FdbMcdv1dxX",
          "checksum": "b2d70d1947ea608780e111bca7175de5"
        }
      ],
      "codegenVersion": "0.0.1"
    }
  ],
  "cliVersion": "0.1.331"
}
